
Microsoft Visual Studio Solution File, Format Version 12.00
# Visual Studio Version 16
VisualStudioVersion = 16.0.30204.135
MinimumVisualStudioVersion = 10.0.40219.1
Project("{9A19103F-16F7-4668-BE54-9A1E7A4F7556}") = "RegistroOrden", "RegistroOrden\RegistroOrden.csproj", "{439C892F-7FCB-4329-9070-800B962CA088}"
EndProject
Project("{FAE04EC0-301F-11D3-BF4B-00C04F79EFBC}") = "RegistroOrdenTests", "RegistroOrdenTests\RegistroOrdenTests.csproj", "{46790674-4C87-44CD-BD3A-6934DE100689}"
EndProject
Global
	GlobalSection(SolutionConfigurationPlatforms) = preSolution
		Debug|Any CPU = Debug|Any CPU
		Release|Any CPU = Release|Any CPU
	EndGlobalSection
	GlobalSection(ProjectConfigurationPlatforms) = postSolution
		{439C892F-7FCB-4329-9070-800B962CA088}.Debug|Any CPU.ActiveCfg = Debug|Any CPU
		{439C892F-7FCB-4329-9070-800B962CA088}.Debug|Any CPU.Build.0 = Debug|Any CPU
		{439C892F-7FCB-4329-9070-800B962CA088}.Release|Any CPU.ActiveCfg = Release|Any CPU
		{439C892F-7FCB-4329-9070-800B962CA088}.Release|Any CPU.Build.0 = Release|Any CPU
		{46790674-4C87-44CD-BD3A-6934DE100689}.Debug|Any CPU.ActiveCfg = Debug|Any CPU
		{46790674-4C87-44CD-BD3A-6934DE100689}.Debug|Any CPU.Build.0 = Debug|Any CPU
		{46790674-4C87-44CD-BD3A-6934DE100689}.Release|Any CPU.ActiveCfg = Release|Any CPU
		{46790674-4C87-44CD-BD3A-6934DE100689}.Release|Any CPU.Build.0 = Release|Any CPU
	EndGlobalSection
	GlobalSection(SolutionProperties) = preSolution
		HideSolutionNode = FALSE
	EndGlobalSection
	GlobalSection(ExtensibilityGlobals) = postSolution
		SolutionGuid = {FA2EC2D9-A8DA-4441-81F8-039A661BBE3F}
	EndGlobalSection
EndGlobal
